// !$*UTF8*$!
{
	archiveVersion = 1;
	classes = {
	};
	objectVersion = 56;
	objects = {

/* Begin PBXBuildFile section */
		173ED3A92AB4316E009B785F /* AppDelegate.swift in Sources */ = {isa = PBXBuildFile; fileRef = 173ED3A82AB4316E009B785F /* AppDelegate.swift */; };
		173ED3AB2AB4316E009B785F /* SceneDelegate.swift in Sources */ = {isa = PBXBuildFile; fileRef = 173ED3AA2AB4316E009B785F /* SceneDelegate.swift */; };
		173ED3AD2AB4316E009B785F /* ViewController.swift in Sources */ = {isa = PBXBuildFile; fileRef = 173ED3AC2AB4316E009B785F /* ViewController.swift */; };
		173ED3B22AB43170009B785F /* Assets.xcassets in Resources */ = {isa = PBXBuildFile; fileRef = 173ED3B12AB43170009B785F /* Assets.xcassets */; };
		173ED3B52AB43170009B785F /* LaunchScreen.storyboard in Resources */ = {isa = PBXBuildFile; fileRef = 173ED3B32AB43170009B785F /* LaunchScreen.storyboard */; };
		173ED3BD2AB43198009B785F /* Model.swift in Sources */ = {isa = PBXBuildFile; fileRef = 173ED3BC2AB43198009B785F /* Model.swift */; };
		173ED3C02AB43371009B785F /* SnapKit in Frameworks */ = {isa = PBXBuildFile; productRef = 173ED3BF2AB43371009B785F /* SnapKit */; };
		173ED3C22AB459AC009B785F /* DiffableCase2.swift in Sources */ = {isa = PBXBuildFile; fileRef = 173ED3C12AB459AC009B785F /* DiffableCase2.swift */; };
		173ED3C52AB45C0B009B785F /* Case2Model.swift in Sources */ = {isa = PBXBuildFile; fileRef = 173ED3C42AB45C0B009B785F /* Case2Model.swift */; };
		173ED3C72AB4759A009B785F /* DiffableCase3.swift in Sources */ = {isa = PBXBuildFile; fileRef = 173ED3C62AB4759A009B785F /* DiffableCase3.swift */; };
		173ED3C92AB48401009B785F /* Case3Model.swift in Sources */ = {isa = PBXBuildFile; fileRef = 173ED3C82AB48401009B785F /* Case3Model.swift */; };
		177CBB262AB4B09A00384F9D /* PracticeDiffable.swift in Sources */ = {isa = PBXBuildFile; fileRef = 177CBB252AB4B09A00384F9D /* PracticeDiffable.swift */; };
/* End PBXBuildFile section */

/* Begin PBXFileReference section */
		173ED3A52AB4316E009B785F /* DiffablePractice.app */ = {isa = PBXFileReference; explicitFileType = wrapper.application; includeInIndex = 0; path = DiffablePractice.app; sourceTree = BUILT_PRODUCTS_DIR; };
		173ED3A82AB4316E009B785F /* AppDelegate.swift */ = {isa = PBXFileReference; lastKnownFileType = sourcecode.swift; path = AppDelegate.swift; sourceTree = "<group>"; };
		173ED3AA2AB4316E009B785F /* SceneDelegate.swift */ = {isa = PBXFileReference; lastKnownFileType = sourcecode.swift; path = SceneDelegate.swift; sourceTree = "<group>"; };
		173ED3AC2AB4316E009B785F /* ViewController.swift */ = {isa = PBXFileReference; lastKnownFileType = sourcecode.swift; path = ViewController.swift; sourceTree = "<group>"; };
		173ED3B12AB43170009B785F /* Assets.xcassets */ = {isa = PBXFileReference; lastKnownFileType = folder.assetcatalog; path = Assets.xcassets; sourceTree = "<group>"; };
		173ED3B42AB43170009B785F /* Base */ = {isa = PBXFileReference; lastKnownFileType = file.storyboard; name = Base; path = Base.lproj/LaunchScreen.storyboard; sourceTree = "<group>"; };
		173ED3B62AB43170009B785F /* Info.plist */ = {isa = PBXFileReference; lastKnownFileType = text.plist.xml; path = Info.plist; sourceTree = "<group>"; };
		173ED3BC2AB43198009B785F /* Model.swift */ = {isa = PBXFileReference; lastKnownFileType = sourcecode.swift; path = Model.swift; sourceTree = "<group>"; };
		173ED3C12AB459AC009B785F /* DiffableCase2.swift */ = {isa = PBXFileReference; lastKnownFileType = sourcecode.swift; path = DiffableCase2.swift; sourceTree = "<group>"; };
		173ED3C42AB45C0B009B785F /* Case2Model.swift */ = {isa = PBXFileReference; lastKnownFileType = sourcecode.swift; path = Case2Model.swift; sourceTree = "<group>"; };
		173ED3C62AB4759A009B785F /* DiffableCase3.swift */ = {isa = PBXFileReference; lastKnownFileType = sourcecode.swift; path = DiffableCase3.swift; sourceTree = "<group>"; };
		173ED3C82AB48401009B785F /* Case3Model.swift */ = {isa = PBXFileReference; lastKnownFileType = sourcecode.swift; path = Case3Model.swift; sourceTree = "<group>"; };
		177CBB252AB4B09A00384F9D /* PracticeDiffable.swift */ = {isa = PBXFileReference; lastKnownFileType = sourcecode.swift; path = PracticeDiffable.swift; sourceTree = "<group>"; };
/* End PBXFileReference section */

/* Begin PBXFrameworksBuildPhase section */
		173ED3A22AB4316E009B785F /* Frameworks */ = {
			isa = PBXFrameworksBuildPhase;
			buildActionMask = 2147483647;
			files = (
				173ED3C02AB43371009B785F /* SnapKit in Frameworks */,
			);
			runOnlyForDeploymentPostprocessing = 0;
		};
/* End PBXFrameworksBuildPhase section */

/* Begin PBXGroup section */
		173ED39C2AB4316E009B785F = {
			isa = PBXGroup;
			children = (
				173ED3A72AB4316E009B785F /* DiffablePractice */,
				173ED3A62AB4316E009B785F /* Products */,
			);
			sourceTree = "<group>";
		};
		173ED3A62AB4316E009B785F /* Products */ = {
			isa = PBXGroup;
			children = (
				173ED3A52AB4316E009B785F /* DiffablePractice.app */,
			);
			name = Products;
			sourceTree = "<group>";
		};
		173ED3A72AB4316E009B785F /* DiffablePractice */ = {
			isa = PBXGroup;
			children = (
				173ED3A82AB4316E009B785F /* AppDelegate.swift */,
				173ED3AA2AB4316E009B785F /* SceneDelegate.swift */,
				173ED3AC2AB4316E009B785F /* ViewController.swift */,
				173ED3B12AB43170009B785F /* Assets.xcassets */,
				173ED3B32AB43170009B785F /* LaunchScreen.storyboard */,
				173ED3B62AB43170009B785F /* Info.plist */,
				173ED3C32AB45BFF009B785F /* Model */,
				173ED3C12AB459AC009B785F /* DiffableCase2.swift */,
				173ED3C62AB4759A009B785F /* DiffableCase3.swift */,
				177CBB252AB4B09A00384F9D /* PracticeDiffable.swift */,
			);
			path = DiffablePractice;
			sourceTree = "<group>";
		};
		173ED3C32AB45BFF009B785F /* Model */ = {
			isa = PBXGroup;
			children = (
				173ED3BC2AB43198009B785F /* Model.swift */,
				173ED3C42AB45C0B009B785F /* Case2Model.swift */,
				173ED3C82AB48401009B785F /* Case3Model.swift */,
			);
			path = Model;
			sourceTree = "<group>";
		};
/* End PBXGroup section */

/* Begin PBXNativeTarget section */
		173ED3A42AB4316E009B785F /* DiffablePractice */ = {
			isa = PBXNativeTarget;
			buildConfigurationList = 173ED3B92AB43170009B785F /* Build configuration list for PBXNativeTarget "DiffablePractice" */;
			buildPhases = (
				173ED3A12AB4316E009B785F /* Sources */,
				173ED3A22AB4316E009B785F /* Frameworks */,
				173ED3A32AB4316E009B785F /* Resources */,
			);
			buildRules = (
			);
			dependencies = (
			);
			name = DiffablePractice;
			packageProductDependencies = (
				173ED3BF2AB43371009B785F /* SnapKit */,
			);
			productName = DiffablePractice;
			productReference = 173ED3A52AB4316E009B785F /* DiffablePractice.app */;
			productType = "com.apple.product-type.application";
		};
/* End PBXNativeTarget section */

/* Begin PBXProject section */
		173ED39D2AB4316E009B785F /* Project object */ = {
			isa = PBXProject;
			attributes = {
				BuildIndependentTargetsInParallel = 1;
				LastSwiftUpdateCheck = 1430;
				LastUpgradeCheck = 1430;
				TargetAttributes = {
					173ED3A42AB4316E009B785F = {
						CreatedOnToolsVersion = 14.3.1;
					};
				};
			};
			buildConfigurationList = 173ED3A02AB4316E009B785F /* Build configuration list for PBXProject "DiffablePractice" */;
			compatibilityVersion = "Xcode 14.0";
			developmentRegion = en;
			hasScannedForEncodings = 0;
			knownRegions = (
				en,
				Base,
			);
			mainGroup = 173ED39C2AB4316E009B785F;
			packageReferences = (
				173ED3BE2AB43371009B785F /* XCRemoteSwiftPackageReference "SnapKit" */,
			);
			productRefGroup = 173ED3A62AB4316E009B785F /* Products */;
			projectDirPath = "";
			projectRoot = "";
			targets = (
				173ED3A42AB4316E009B785F /* DiffablePractice */,
			);
		};
/* End PBXProject section */

/* Begin PBXResourcesBuildPhase section */
		173ED3A32AB4316E009B785F /* Resources */ = {
			isa = PBXResourcesBuildPhase;
			buildActionMask = 2147483647;
			files = (
				173ED3B52AB43170009B785F /* LaunchScreen.storyboard in Resources */,
				173ED3B22AB43170009B785F /* Assets.xcassets in Resources */,
			);
			runOnlyForDeploymentPostprocessing = 0;
		};
/* End PBXResourcesBuildPhase section */

/* Begin PBXSourcesBuildPhase section */
		173ED3A12AB4316E009B785F /* Sources */ = {
			isa = PBXSourcesBuildPhase;
			buildActionMask = 2147483647;
			files = (
				173ED3C72AB4759A009B785F /* DiffableCase3.swift in Sources */,
				173ED3AD2AB4316E009B785F /* ViewController.swift in Sources */,
				177CBB262AB4B09A00384F9D /* PracticeDiffable.swift in Sources */,
				173ED3A92AB4316E009B785F /* AppDelegate.swift in Sources */,
				173ED3C92AB48401009B785F /* Case3Model.swift in Sources */,
				173ED3AB2AB4316E009B785F /* SceneDelegate.swift in Sources */,
				173ED3BD2AB43198009B785F /* Model.swift in Sources */,
				173ED3C52AB45C0B009B785F /* Case2Model.swift in Sources */,
				173ED3C22AB459AC009B785F /* DiffableCase2.swift in Sources */,
			);
			runOnlyForDeploymentPostprocessing = 0;
		};
/* End PBXSourcesBuildPhase section */

/* Begin PBXVariantGroup section */
		173ED3B32AB43170009B785F /* LaunchScreen.storyboard */ = {
			isa = PBXVariantGroup;
			children = (
				173ED3B42AB43170009B785F /* Base */,
			);
			name = LaunchScreen.storyboard;
			sourceTree = "<group>";
		};
/* End PBXVariantGroup section */

/* Begin XCBuildConfiguration section */
		173ED3B72AB43170009B785F /* Debug */ = {
			isa = XCBuildConfiguration;
			buildSettings = {
				ALWAYS_SEARCH_USER_PATHS = NO;
				CLANG_ANALYZER_NONNULL = YES;
				CLANG_ANALYZER_NUMBER_OBJECT_CONVERSION = YES_AGGRESSIVE;
				CLANG_CXX_LANGUAGE_STANDARD = "gnu++20";
				CLANG_ENABLE_MODULES = YES;
				CLANG_ENABLE_OBJC_ARC = YES;
				CLANG_ENABLE_OBJC_WEAK = YES;
				CLANG_WARN_BLOCK_CAPTURE_AUTORELEASING = YES;
				CLANG_WARN_BOOL_CONVERSION = YES;
				CLANG_WARN_COMMA = YES;
				CLANG_WARN_CONSTANT_CONVERSION = YES;
				CLANG_WARN_DEPRECATED_OBJC_IMPLEMENTATIONS = YES;
				CLANG_WARN_DIRECT_OBJC_ISA_USAGE = YES_ERROR;
				CLANG_WARN_DOCUMENTATION_COMMENTS = YES;
				CLANG_WARN_EMPTY_BODY = YES;
				CLANG_WARN_ENUM_CONVERSION = YES;
				CLANG_WARN_INFINITE_RECURSION = YES;
				CLANG_WARN_INT_CONVERSION = YES;
				CLANG_WARN_NON_LITERAL_NULL_CONVERSION = YES;
				CLANG_WARN_OBJC_IMPLICIT_RETAIN_SELF = YES;
				CLANG_WARN_OBJC_LITERAL_CONVERSION = YES;
				CLANG_WARN_OBJC_ROOT_CLASS = YES_ERROR;
				CLANG_WARN_QUOTED_INCLUDE_IN_FRAMEWORK_HEADER = YES;
				CLANG_WARN_RANGE_LOOP_ANALYSIS = YES;
				CLANG_WARN_STRICT_PROTOTYPES = YES;
				CLANG_WARN_SUSPICIOUS_MOVE = YES;
				CLANG_WARN_UNGUARDED_AVAILABILITY = YES_AGGRESSIVE;
				CLANG_WARN_UNREACHABLE_CODE = YES;
				CLANG_WARN__DUPLICATE_METHOD_MATCH = YES;
				COPY_PHASE_STRIP = NO;
				DEBUG_INFORMATION_FORMAT = dwarf;
				ENABLE_STRICT_OBJC_MSGSEND = YES;
				ENABLE_TESTABILITY = YES;
				GCC_C_LANGUAGE_STANDARD = gnu11;
				GCC_DYNAMIC_NO_PIC = NO;
				GCC_NO_COMMON_BLOCKS = YES;
				GCC_OPTIMIZATION_LEVEL = 0;
				GCC_PREPROCESSOR_DEFINITIONS = (
					"DEBUG=1",
					"$(inherited)",
				);
				GCC_WARN_64_TO_32_BIT_CONVERSION = YES;
				GCC_WARN_ABOUT_RETURN_TYPE = YES_ERROR;
				GCC_WARN_UNDECLARED_SELECTOR = YES;
				GCC_WARN_UNINITIALIZED_AUTOS = YES_AGGRESSIVE;
				GCC_WARN_UNUSED_FUNCTION = YES;
				GCC_WARN_UNUSED_VARIABLE = YES;
				IPHONEOS_DEPLOYMENT_TARGET = 16.4;
				MTL_ENABLE_DEBUG_INFO = INCLUDE_SOURCE;
				MTL_FAST_MATH = YES;
				ONLY_ACTIVE_ARCH = YES;
				SDKROOT = iphoneos;
				SWIFT_ACTIVE_COMPILATION_CONDITIONS = DEBUG;
				SWIFT_OPTIMIZATION_LEVEL = "-Onone";
			};
			name = Debug;
		};
		173ED3B82AB43170009B785F /* Release */ = {
			isa = XCBuildConfiguration;
			buildSettings = {
				ALWAYS_SEARCH_USER_PATHS = NO;
				CLANG_ANALYZER_NONNULL = YES;
				CLANG_ANALYZER_NUMBER_OBJECT_CONVERSION = YES_AGGRESSIVE;
				CLANG_CXX_LANGUAGE_STANDARD = "gnu++20";
				CLANG_ENABLE_MODULES = YES;
				CLANG_ENABLE_OBJC_ARC = YES;
				CLANG_ENABLE_OBJC_WEAK = YES;
				CLANG_WARN_BLOCK_CAPTURE_AUTORELEASING = YES;
				CLANG_WARN_BOOL_CONVERSION = YES;
				CLANG_WARN_COMMA = YES;
				CLANG_WARN_CONSTANT_CONVERSION = YES;
				CLANG_WARN_DEPRECATED_OBJC_IMPLEMENTATIONS = YES;
				CLANG_WARN_DIRECT_OBJC_ISA_USAGE = YES_ERROR;
				CLANG_WARN_DOCUMENTATION_COMMENTS = YES;
				CLANG_WARN_EMPTY_BODY = YES;
				CLANG_WARN_ENUM_CONVERSION = YES;
				CLANG_WARN_INFINITE_RECURSION = YES;
				CLANG_WARN_INT_CONVERSION = YES;
				CLANG_WARN_NON_LITERAL_NULL_CONVERSION = YES;
				CLANG_WARN_OBJC_IMPLICIT_RETAIN_SELF = YES;
				CLANG_WARN_OBJC_LITERAL_CONVERSION = YES;
				CLANG_WARN_OBJC_ROOT_CLASS = YES_ERROR;
				CLANG_WARN_QUOTED_INCLUDE_IN_FRAMEWORK_HEADER = YES;
				CLANG_WARN_RANGE_LOOP_ANALYSIS = YES;
				CLANG_WARN_STRICT_PROTOTYPES = YES;
				CLANG_WARN_SUSPICIOUS_MOVE = YES;
				CLANG_WARN_UNGUARDED_AVAILABILITY = YES_AGGRESSIVE;
				CLANG_WARN_UNREACHABLE_CODE = YES;
				CLANG_WARN__DUPLICATE_METHOD_MATCH = YES;
				COPY_PHASE_STRIP = NO;
				DEBUG_INFORMATION_FORMAT = "dwarf-with-dsym";
				ENABLE_NS_ASSERTIONS = NO;
				ENABLE_STRICT_OBJC_MSGSEND = YES;
				GCC_C_LANGUAGE_STANDARD = gnu11;
				GCC_NO_COMMON_BLOCKS = YES;
				GCC_WARN_64_TO_32_BIT_CONVERSION = YES;
				GCC_WARN_ABOUT_RETURN_TYPE = YES_ERROR;
				GCC_WARN_UNDECLARED_SELECTOR = YES;
				GCC_WARN_UNINITIALIZED_AUTOS = YES_AGGRESSIVE;
				GCC_WARN_UNUSED_FUNCTION = YES;
				GCC_WARN_UNUSED_VARIABLE = YES;
				IPHONEOS_DEPLOYMENT_TARGET = 16.4;
				MTL_ENABLE_DEBUG_INFO = NO;
				MTL_FAST_MATH = YES;
				SDKROOT = iphoneos;
				SWIFT_COMPILATION_MODE = wholemodule;
				SWIFT_OPTIMIZATION_LEVEL = "-O";
				VALIDATE_PRODUCT = YES;
			};
			name = Release;
		};
		173ED3BA2AB43170009B785F /* Debug */ = {
			isa = XCBuildConfiguration;
			buildSettings = {
				ASSETCATALOG_COMPILER_APPICON_NAME = AppIcon;
				ASSETCATALOG_COMPILER_GLOBAL_ACCENT_COLOR_NAME = AccentColor;
				CODE_SIGN_STYLE = Automatic;
				CURRENT_PROJECT_VERSION = 1;
				DEVELOPMENT_TEAM = H5BHKL6637;
				GENERATE_INFOPLIST_FILE = YES;
				INFOPLIST_FILE = DiffablePractice/Info.plist;
				INFOPLIST_KEY_UIApplicationSupportsIndirectInputEvents = YES;
				INFOPLIST_KEY_UILaunchStoryboardName = LaunchScreen;
				INFOPLIST_KEY_UISupportedInterfaceOrientations_iPad = "UIInterfaceOrientationPortrait UIInterfaceOrientationPortraitUpsideDown UIInterfaceOrientationLandscapeLeft UIInterfaceOrientationLandscapeRight";
				INFOPLIST_KEY_UISupportedInterfaceOrientations_iPhone = "UIInterfaceOrientationPortrait UIInterfaceOrientationLandscapeLeft UIInterfaceOrientationLandscapeRight";
				LD_RUNPATH_SEARCH_PATHS = (
					"$(inherited)",
					"@executable_path/Frameworks",
				);
				MARKETING_VERSION = 1.0;
				PRODUCT_BUNDLE_IDENTIFIER = com.hyeonseok.DiffablePractice;
				PRODUCT_NAME = "$(TARGET_NAME)";
				SWIFT_EMIT_LOC_STRINGS = YES;
				SWIFT_VERSION = 5.0;
				TARGETED_DEVICE_FAMILY = "1,2";
			};
			name = Debug;
		};
		173ED3BB2AB43170009B785F /* Release */ = {
			isa = XCBuildConfiguration;
			buildSettings = {
				ASSETCATALOG_COMPILER_APPICON_NAME = AppIcon;
				ASSETCATALOG_COMPILER_GLOBAL_ACCENT_COLOR_NAME = AccentColor;
				CODE_SIGN_STYLE = Automatic;
				CURRENT_PROJECT_VERSION = 1;
				DEVELOPMENT_TEAM = H5BHKL6637;
				GENERATE_INFOPLIST_FILE = YES;
				INFOPLIST_FILE = DiffablePractice/Info.plist;
				INFOPLIST_KEY_UIApplicationSupportsIndirectInputEvents = YES;
				INFOPLIST_KEY_UILaunchStoryboardName = LaunchScreen;
				INFOPLIST_KEY_UISupportedInterfaceOrientations_iPad = "UIInterfaceOrientationPortrait UIInterfaceOrientationPortraitUpsideDown UIInterfaceOrientationLandscapeLeft UIInterfaceOrientationLandscapeRight";
				INFOPLIST_KEY_UISupportedInterfaceOrientations_iPhone = "UIInterfaceOrientationPortrait UIInterfaceOrientationLandscapeLeft UIInterfaceOrientationLandscapeRight";
				LD_RUNPATH_SEARCH_PATHS = (
					"$(inherited)",
					"@executable_path/Frameworks",
				);
				MARKETING_VERSION = 1.0;
				PRODUCT_BUNDLE_IDENTIFIER = com.hyeonseok.DiffablePractice;
				PRODUCT_NAME = "$(TARGET_NAME)";
				SWIFT_EMIT_LOC_STRINGS = YES;
				SWIFT_VERSION = 5.0;
				TARGETED_DEVICE_FAMILY = "1,2";
			};
			name = Release;
		};
/* End XCBuildConfiguration section */

/* Begin XCConfigurationList section */
		173ED3A02AB4316E009B785F /* Build configuration list for PBXProject "DiffablePractice" */ = {
			isa = XCConfigurationList;
			buildConfigurations = (
				173ED3B72AB43170009B785F /* Debug */,
				173ED3B82AB43170009B785F /* Release */,
			);
			defaultConfigurationIsVisible = 0;
			defaultConfigurationName = Release;
		};
		173ED3B92AB43170009B785F /* Build configuration list for PBXNativeTarget "DiffablePractice" */ = {
			isa = XCConfigurationList;
			buildConfigurations = (
				173ED3BA2AB43170009B785F /* Debug */,
				173ED3BB2AB43170009B785F /* Release */,
			);
			defaultConfigurationIsVisible = 0;
			defaultConfigurationName = Release;
		};
/* End XCConfigurationList section */

/* Begin XCRemoteSwiftPackageReference section */
		173ED3BE2AB43371009B785F /* XCRemoteSwiftPackageReference "SnapKit" */ = {
			isa = XCRemoteSwiftPackageReference;
			repositoryURL = "https://github.com/SnapKit/SnapKit.git";
			requirement = {
				kind = upToNextMajorVersion;
				minimumVersion = 5.0.0;
			};
		};
/* End XCRemoteSwiftPackageReference section */

/* Begin XCSwiftPackageProductDependency section */
		173ED3BF2AB43371009B785F /* SnapKit */ = {
			isa = XCSwiftPackageProductDependency;
			package = 173ED3BE2AB43371009B785F /* XCRemoteSwiftPackageReference "SnapKit" */;
			productName = SnapKit;
		};
/* End XCSwiftPackageProductDependency section */
	};
	rootObject = 173ED39D2AB4316E009B785F /* Project object */;
}
